
Microsoft Visual Studio Solution File, Format Version 12.00
# Visual Studio Version 17
VisualStudioVersion = 17.14.36221.1 d17.14
MinimumVisualStudioVersion = 10.0.40219.1
Project("{FAE04EC0-301F-11D3-BF4B-00C04F79EFBC}") = "CustomerCommLib", "CustomerCommLib\CustomerCommLib.csproj", "{32496BAB-11F2-4749-B3D7-259A920EFCBA}"
EndProject
Project("{FAE04EC0-301F-11D3-BF4B-00C04F79EFBC}") = "CustomerCommLib.Tests", "CustomerCommLib.Tests\CustomerCommLib.Tests.csproj", "{EBFA3F3B-26A3-482E-A27C-190E2CC1D053}"
EndProject
Global
	GlobalSection(SolutionConfigurationPlatforms) = preSolution
		Debug|Any CPU = Debug|Any CPU
		Release|Any CPU = Release|Any CPU
	EndGlobalSection
	GlobalSection(ProjectConfigurationPlatforms) = postSolution
		{32496BAB-11F2-4749-B3D7-259A920EFCBA}.Debug|Any CPU.ActiveCfg = Debug|Any CPU
		{32496BAB-11F2-4749-B3D7-259A920EFCBA}.Debug|Any CPU.Build.0 = Debug|Any CPU
		{32496BAB-11F2-4749-B3D7-259A920EFCBA}.Release|Any CPU.ActiveCfg = Release|Any CPU
		{32496BAB-11F2-4749-B3D7-259A920EFCBA}.Release|Any CPU.Build.0 = Release|Any CPU
		{EBFA3F3B-26A3-482E-A27C-190E2CC1D053}.Debug|Any CPU.ActiveCfg = Debug|Any CPU
		{EBFA3F3B-26A3-482E-A27C-190E2CC1D053}.Debug|Any CPU.Build.0 = Debug|Any CPU
		{EBFA3F3B-26A3-482E-A27C-190E2CC1D053}.Release|Any CPU.ActiveCfg = Release|Any CPU
		{EBFA3F3B-26A3-482E-A27C-190E2CC1D053}.Release|Any CPU.Build.0 = Release|Any CPU
	EndGlobalSection
	GlobalSection(SolutionProperties) = preSolution
		HideSolutionNode = FALSE
	EndGlobalSection
	GlobalSection(ExtensibilityGlobals) = postSolution
		SolutionGuid = {4634F94C-A651-4881-86C9-C0674EB78C65}
	EndGlobalSection
EndGlobal
